
Microsoft Visual Studio Solution File, Format Version 12.00
# Visual Studio Version 16
VisualStudioVersion = 16.0.30320.27
MinimumVisualStudioVersion = 10.0.40219.1
Project("{FAE04EC0-301F-11D3-BF4B-00C04F79EFBC}") = "InsertionSort", "InsertionSort\InsertionSort.csproj", "{4A75C77C-D63A-4950-B79C-EB23A7443488}"
EndProject
Global
	GlobalSection(SolutionConfigurationPlatforms) = preSolution
		Debug|Any CPU = Debug|Any CPU
		Release|Any CPU = Release|Any CPU
	EndGlobalSection
	GlobalSection(ProjectConfigurationPlatforms) = postSolution
		{4A75C77C-D63A-4950-B79C-EB23A7443488}.Debug|Any CPU.ActiveCfg = Debug|Any CPU
		{4A75C77C-D63A-4950-B79C-EB23A7443488}.Debug|Any CPU.Build.0 = Debug|Any CPU
		{4A75C77C-D63A-4950-B79C-EB23A7443488}.Release|Any CPU.ActiveCfg = Release|Any CPU
		{4A75C77C-D63A-4950-B79C-EB23A7443488}.Release|Any CPU.Build.0 = Release|Any CPU
	EndGlobalSection
	GlobalSection(SolutionProperties) = preSolution
		HideSolutionNode = FALSE
	EndGlobalSection
	GlobalSection(ExtensibilityGlobals) = postSolution
		SolutionGuid = {6EB05ECD-013A-4691-9BE2-43F7A893B148}
	EndGlobalSection
EndGlobal
